# This file is automatically @generated by Cargo.
# It is not intended for manual editing.
version = 4

[[package]]
name = "crashtest"
version = "0.1.0"
dependencies = [
 "nexa_boot_info",
 "nrlib",
]

[[package]]
name = "dhcp"
version = "0.1.0"
dependencies = [
 "nexa_boot_info",
 "nrlib",
]

[[package]]
name = "dmesg"
version = "0.1.0"
dependencies = [
 "nexa_boot_info",
 "nrlib",
]

[[package]]
name = "getty"
version = "0.1.0"
dependencies = [
 "nexa_boot_info",
 "nrlib",
]

[[package]]
name = "hello_dynamic"
version = "0.1.0"
dependencies = [
 "nexa_boot_info",
 "nrlib",
]

[[package]]
name = "ip"
version = "0.1.0"
dependencies = [
 "nexa_boot_info",
 "nrlib",
]

[[package]]
name = "ld-nrlib"
version = "0.1.0"

[[package]]
name = "login"
version = "0.1.0"
dependencies = [
 "nexa_boot_info",
 "nrlib",
]

[[package]]
name = "ncryptolib"
version = "0.1.0"

[[package]]
name = "nexa_boot_info"
version = "0.1.0"

[[package]]
name = "ni"
version = "0.1.0"
dependencies = [
 "nexa_boot_info",
 "nrlib",
]

[[package]]
name = "nrlib"
version = "0.1.0"
dependencies = [
 "nexa_boot_info",
]

[[package]]
name = "nslookup"
version = "0.1.0"
dependencies = [
 "nexa_boot_info",
 "nrlib",
]

[[package]]
name = "nurl"
version = "0.1.0"
dependencies = [
 "nexa_boot_info",
 "nrlib",
]

[[package]]
name = "pthread_test"
version = "0.1.0"
dependencies = [
 "nexa_boot_info",
 "nrlib",
]

[[package]]
name = "sh"
version = "0.1.0"
dependencies = [
 "nexa_boot_info",
 "nrlib",
]

[[package]]
name = "thread_test"
version = "0.1.0"
dependencies = [
 "nexa_boot_info",
 "nrlib",
]

[[package]]
name = "uefi_compatd"
version = "0.1.0"
dependencies = [
 "nexa_boot_info",
 "nrlib",
]
