# This file is automatically @generated by Cargo.
# It is not intended for manual editing.
version = 4

[[package]]
name = "adduser"
version = "0.1.0"
dependencies = [
 "nexa_boot_info",
 "nrlib",
]

[[package]]
name = "cat"
version = "0.1.0"
dependencies = [
 "nexa_boot_info",
 "nrlib",
]

[[package]]
name = "clear"
version = "0.1.0"
dependencies = [
 "nexa_boot_info",
 "nrlib",
]

[[package]]
name = "crashtest"
version = "0.1.0"
dependencies = [
 "nexa_boot_info",
 "nrlib",
]

[[package]]
name = "dhcp"
version = "0.1.0"
dependencies = [
 "nexa_boot_info",
 "nrlib",
]

[[package]]
name = "dmesg"
version = "0.1.0"
dependencies = [
 "nexa_boot_info",
 "nrlib",
]

[[package]]
name = "echo"
version = "0.1.0"
dependencies = [
 "nexa_boot_info",
 "nrlib",
]

[[package]]
name = "getty"
version = "0.1.0"
dependencies = [
 "nexa_boot_info",
 "nrlib",
]

[[package]]
name = "hashmap_test"
version = "0.1.0"
dependencies = [
 "nexa_boot_info",
 "nrlib",
]

[[package]]
name = "hello_dynamic"
version = "0.1.0"
dependencies = [
 "nexa_boot_info",
 "nrlib",
]

[[package]]
name = "ip"
version = "0.1.0"
dependencies = [
 "nexa_boot_info",
 "nrlib",
]

[[package]]
name = "ipc-create"
version = "0.1.0"
dependencies = [
 "nexa_boot_info",
 "nrlib",
]

[[package]]
name = "ipc-recv"
version = "0.1.0"
dependencies = [
 "nexa_boot_info",
 "nrlib",
]

[[package]]
name = "ipc-send"
version = "0.1.0"
dependencies = [
 "nexa_boot_info",
 "nrlib",
]

[[package]]
name = "ld-nrlib"
version = "0.1.0"

[[package]]
name = "login"
version = "0.1.0"
dependencies = [
 "nexa_boot_info",
 "nrlib",
]

[[package]]
name = "logout"
version = "0.1.0"
dependencies = [
 "nexa_boot_info",
 "nrlib",
]

[[package]]
name = "ls"
version = "0.1.0"
dependencies = [
 "nexa_boot_info",
 "nrlib",
]

[[package]]
name = "mkdir"
version = "0.1.0"
dependencies = [
 "nexa_boot_info",
 "nrlib",
]

[[package]]
name = "ncryptolib"
version = "0.1.0"

[[package]]
name = "nexa_boot_info"
version = "0.1.0"

[[package]]
name = "ni"
version = "0.1.0"
dependencies = [
 "nexa_boot_info",
 "nrlib",
]

[[package]]
name = "nrlib"
version = "0.1.0"
dependencies = [
 "nexa_boot_info",
]

[[package]]
name = "nslookup"
version = "0.1.0"
dependencies = [
 "nexa_boot_info",
 "nrlib",
]

[[package]]
name = "nssl"
version = "0.1.0"
dependencies = [
 "ncryptolib",
]

[[package]]
name = "ntpd"
version = "0.1.0"
dependencies = [
 "nexa_boot_info",
 "nrlib",
]

[[package]]
name = "nurl"
version = "0.1.0"
dependencies = [
 "nexa_boot_info",
 "nrlib",
 "nssl",
]

[[package]]
name = "pthread_test"
version = "0.1.0"
dependencies = [
 "nexa_boot_info",
 "nrlib",
]

[[package]]
name = "pwd"
version = "0.1.0"
dependencies = [
 "nexa_boot_info",
 "nrlib",
]

[[package]]
name = "sh"
version = "0.1.0"
dependencies = [
 "nexa_boot_info",
 "nrlib",
]

[[package]]
name = "stat"
version = "0.1.0"
dependencies = [
 "nexa_boot_info",
 "nrlib",
]

[[package]]
name = "thread_test"
version = "0.1.0"
dependencies = [
 "nexa_boot_info",
 "nrlib",
]

[[package]]
name = "uefi_compatd"
version = "0.1.0"
dependencies = [
 "nexa_boot_info",
 "nrlib",
]

[[package]]
name = "uname"
version = "0.1.0"
dependencies = [
 "nexa_boot_info",
 "nrlib",
]

[[package]]
name = "users"
version = "0.1.0"
dependencies = [
 "nexa_boot_info",
 "nrlib",
]

[[package]]
name = "whoami"
version = "0.1.0"
dependencies = [
 "nexa_boot_info",
 "nrlib",
]
